
Microsoft Visual Studio Solution File, Format Version 12.00
# Visual Studio Version 17
VisualStudioVersion = 17.2.32616.157
MinimumVisualStudioVersion = 10.0.40219.1
Project("{8BC9CEB8-8B4A-11D0-8D11-00A0C91BC942}") = "NVT_CfgTool", "NVT_CfgTool\NVT_CfgTool.vcxproj", "{8A3AC28D-E922-4C45-9BE7-94FDE69EDA48}"
EndProject
Global
	GlobalSection(SolutionConfigurationPlatforms) = preSolution
		Debug|x64 = Debug|x64
		Debug|x86 = Debug|x86
		Release|x64 = Release|x64
		Release|x86 = Release|x86
	EndGlobalSection
	GlobalSection(ProjectConfigurationPlatforms) = postSolution
		{8A3AC28D-E922-4C45-9BE7-94FDE69EDA48}.Debug|x64.ActiveCfg = Debug|x64
		{8A3AC28D-E922-4C45-9BE7-94FDE69EDA48}.Debug|x64.Build.0 = Debug|x64
		{8A3AC28D-E922-4C45-9BE7-94FDE69EDA48}.Debug|x86.ActiveCfg = Debug|Win32
		{8A3AC28D-E922-4C45-9BE7-94FDE69EDA48}.Debug|x86.Build.0 = Debug|Win32
		{8A3AC28D-E922-4C45-9BE7-94FDE69EDA48}.Release|x64.ActiveCfg = Release|x64
		{8A3AC28D-E922-4C45-9BE7-94FDE69EDA48}.Release|x64.Build.0 = Release|x64
		{8A3AC28D-E922-4C45-9BE7-94FDE69EDA48}.Release|x86.ActiveCfg = Release|Win32
		{8A3AC28D-E922-4C45-9BE7-94FDE69EDA48}.Release|x86.Build.0 = Release|Win32
	EndGlobalSection
	GlobalSection(SolutionProperties) = preSolution
		HideSolutionNode = FALSE
	EndGlobalSection
	GlobalSection(ExtensibilityGlobals) = postSolution
		SolutionGuid = {80B0C40D-C267-43A5-8FD3-90B3068539A5}
	EndGlobalSection
EndGlobal
